// !$*UTF8*$!
{
	archiveVersion = 1;
	classes = {
	};
	objectVersion = 50;
	objects = {

/* Begin PBXBuildFile section */
		47E8EC20A661FDDB24A71ABB /* Pods_YouBeMyGuardian.framework in Frameworks */ = {isa = PBXBuildFile; fileRef = 6E7049174ED28055B5E37360 /* Pods_YouBeMyGuardian.framework */; };
		78851EBC25976BFF001C7A74 /* AppDelegate.swift in Sources */ = {isa = PBXBuildFile; fileRef = 78851EBB25976BFF001C7A74 /* AppDelegate.swift */; };
		78851EBE25976BFF001C7A74 /* SceneDelegate.swift in Sources */ = {isa = PBXBuildFile; fileRef = 78851EBD25976BFF001C7A74 /* SceneDelegate.swift */; };
		78851EC225976C00001C7A74 /* Assets.xcassets in Resources */ = {isa = PBXBuildFile; fileRef = 78851EC125976C00001C7A74 /* Assets.xcassets */; };
		78851EC525976C00001C7A74 /* Preview Assets.xcassets in Resources */ = {isa = PBXBuildFile; fileRef = 78851EC425976C00001C7A74 /* Preview Assets.xcassets */; };
		78851EC825976C00001C7A74 /* LaunchScreen.storyboard in Resources */ = {isa = PBXBuildFile; fileRef = 78851EC625976C00001C7A74 /* LaunchScreen.storyboard */; };
		78851ED125976C23001C7A74 /* MainViewController.swift in Sources */ = {isa = PBXBuildFile; fileRef = 78851ED025976C23001C7A74 /* MainViewController.swift */; };
/* End PBXBuildFile section */

/* Begin PBXFileReference section */
		4C944688E7C0CE9420E89A5E /* Pods-YouBeMyGuardian.debug.xcconfig */ = {isa = PBXFileReference; includeInIndex = 1; lastKnownFileType = text.xcconfig; name = "Pods-YouBeMyGuardian.debug.xcconfig"; path = "Target Support Files/Pods-YouBeMyGuardian/Pods-YouBeMyGuardian.debug.xcconfig"; sourceTree = "<group>"; };
		6E7049174ED28055B5E37360 /* Pods_YouBeMyGuardian.framework */ = {isa = PBXFileReference; explicitFileType = wrapper.framework; includeInIndex = 0; path = Pods_YouBeMyGuardian.framework; sourceTree = BUILT_PRODUCTS_DIR; };
		78851EB825976BFF001C7A74 /* YouBeMyGuardian.app */ = {isa = PBXFileReference; explicitFileType = wrapper.application; includeInIndex = 0; path = YouBeMyGuardian.app; sourceTree = BUILT_PRODUCTS_DIR; };
		78851EBB25976BFF001C7A74 /* AppDelegate.swift */ = {isa = PBXFileReference; lastKnownFileType = sourcecode.swift; path = AppDelegate.swift; sourceTree = "<group>"; };
		78851EBD25976BFF001C7A74 /* SceneDelegate.swift */ = {isa = PBXFileReference; lastKnownFileType = sourcecode.swift; path = SceneDelegate.swift; sourceTree = "<group>"; };
		78851EC125976C00001C7A74 /* Assets.xcassets */ = {isa = PBXFileReference; lastKnownFileType = folder.assetcatalog; path = Assets.xcassets; sourceTree = "<group>"; };
		78851EC425976C00001C7A74 /* Preview Assets.xcassets */ = {isa = PBXFileReference; lastKnownFileType = folder.assetcatalog; path = "Preview Assets.xcassets"; sourceTree = "<group>"; };
		78851EC725976C00001C7A74 /* Base */ = {isa = PBXFileReference; lastKnownFileType = file.storyboard; name = Base; path = Base.lproj/LaunchScreen.storyboard; sourceTree = "<group>"; };
		78851EC925976C00001C7A74 /* Info.plist */ = {isa = PBXFileReference; lastKnownFileType = text.plist.xml; path = Info.plist; sourceTree = "<group>"; };
		78851ED025976C23001C7A74 /* MainViewController.swift */ = {isa = PBXFileReference; lastKnownFileType = sourcecode.swift; path = MainViewController.swift; sourceTree = "<group>"; };
		F95C64C211DD64BF59FC34F2 /* Pods-YouBeMyGuardian.release.xcconfig */ = {isa = PBXFileReference; includeInIndex = 1; lastKnownFileType = text.xcconfig; name = "Pods-YouBeMyGuardian.release.xcconfig"; path = "Target Support Files/Pods-YouBeMyGuardian/Pods-YouBeMyGuardian.release.xcconfig"; sourceTree = "<group>"; };
/* End PBXFileReference section */

/* Begin PBXFrameworksBuildPhase section */
		78851EB525976BFF001C7A74 /* Frameworks */ = {
			isa = PBXFrameworksBuildPhase;
			buildActionMask = 2147483647;
			files = (
				47E8EC20A661FDDB24A71ABB /* Pods_YouBeMyGuardian.framework in Frameworks */,
			);
			runOnlyForDeploymentPostprocessing = 0;
		};
/* End PBXFrameworksBuildPhase section */

/* Begin PBXGroup section */
		2436B13C56F169244467C801 /* Pods */ = {
			isa = PBXGroup;
			children = (
				4C944688E7C0CE9420E89A5E /* Pods-YouBeMyGuardian.debug.xcconfig */,
				F95C64C211DD64BF59FC34F2 /* Pods-YouBeMyGuardian.release.xcconfig */,
			);
			path = Pods;
			sourceTree = "<group>";
		};
		4869F2785CF978311EAFF89D /* Frameworks */ = {
			isa = PBXGroup;
			children = (
				6E7049174ED28055B5E37360 /* Pods_YouBeMyGuardian.framework */,
			);
			name = Frameworks;
			sourceTree = "<group>";
		};
		78851EAF25976BFF001C7A74 = {
			isa = PBXGroup;
			children = (
				78851EBA25976BFF001C7A74 /* YouBeMyGuardian */,
				78851EB925976BFF001C7A74 /* Products */,
				2436B13C56F169244467C801 /* Pods */,
				4869F2785CF978311EAFF89D /* Frameworks */,
			);
			sourceTree = "<group>";
		};
		78851EB925976BFF001C7A74 /* Products */ = {
			isa = PBXGroup;
			children = (
				78851EB825976BFF001C7A74 /* YouBeMyGuardian.app */,
			);
			name = Products;
			sourceTree = "<group>";
		};
		78851EBA25976BFF001C7A74 /* YouBeMyGuardian */ = {
			isa = PBXGroup;
			children = (
				78851EBB25976BFF001C7A74 /* AppDelegate.swift */,
				78851EBD25976BFF001C7A74 /* SceneDelegate.swift */,
				78851ED025976C23001C7A74 /* MainViewController.swift */,
				78851EC125976C00001C7A74 /* Assets.xcassets */,
				78851EC625976C00001C7A74 /* LaunchScreen.storyboard */,
				78851EC925976C00001C7A74 /* Info.plist */,
				78851EC325976C00001C7A74 /* Preview Content */,
			);
			path = YouBeMyGuardian;
			sourceTree = "<group>";
		};
		78851EC325976C00001C7A74 /* Preview Content */ = {
			isa = PBXGroup;
			children = (
				78851EC425976C00001C7A74 /* Preview Assets.xcassets */,
			);
			path = "Preview Content";
			sourceTree = "<group>";
		};
/* End PBXGroup section */

/* Begin PBXNativeTarget section */
		78851EB725976BFF001C7A74 /* YouBeMyGuardian */ = {
			isa = PBXNativeTarget;
			buildConfigurationList = 78851ECC25976C00001C7A74 /* Build configuration list for PBXNativeTarget "YouBeMyGuardian" */;
			buildPhases = (
				EA0B454E8A87261CF8E7B728 /* [CP] Check Pods Manifest.lock */,
				78851EB425976BFF001C7A74 /* Sources */,
				78851EB525976BFF001C7A74 /* Frameworks */,
				78851EB625976BFF001C7A74 /* Resources */,
				78851ED825977216001C7A74 /* ShellScript */,
			);
			buildRules = (
			);
			dependencies = (
			);
			name = YouBeMyGuardian;
			productName = YouBeMyGuardian;
			productReference = 78851EB825976BFF001C7A74 /* YouBeMyGuardian.app */;
			productType = "com.apple.product-type.application";
		};
/* End PBXNativeTarget section */

/* Begin PBXProject section */
		78851EB025976BFF001C7A74 /* Project object */ = {
			isa = PBXProject;
			attributes = {
				LastSwiftUpdateCheck = 1230;
				LastUpgradeCheck = 1230;
				TargetAttributes = {
					78851EB725976BFF001C7A74 = {
						CreatedOnToolsVersion = 12.3;
					};
				};
			};
			buildConfigurationList = 78851EB325976BFF001C7A74 /* Build configuration list for PBXProject "YouBeMyGuardian" */;
			compatibilityVersion = "Xcode 9.3";
			developmentRegion = en;
			hasScannedForEncodings = 0;
			knownRegions = (
				en,
				Base,
			);
			mainGroup = 78851EAF25976BFF001C7A74;
			productRefGroup = 78851EB925976BFF001C7A74 /* Products */;
			projectDirPath = "";
			projectRoot = "";
			targets = (
				78851EB725976BFF001C7A74 /* YouBeMyGuardian */,
			);
		};
/* End PBXProject section */

/* Begin PBXResourcesBuildPhase section */
		78851EB625976BFF001C7A74 /* Resources */ = {
			isa = PBXResourcesBuildPhase;
			buildActionMask = 2147483647;
			files = (
				78851EC825976C00001C7A74 /* LaunchScreen.storyboard in Resources */,
				78851EC525976C00001C7A74 /* Preview Assets.xcassets in Resources */,
				78851EC225976C00001C7A74 /* Assets.xcassets in Resources */,
			);
			runOnlyForDeploymentPostprocessing = 0;
		};
/* End PBXResourcesBuildPhase section */

/* Begin PBXShellScriptBuildPhase section */
		78851ED825977216001C7A74 /* ShellScript */ = {
			isa = PBXShellScriptBuildPhase;
			buildActionMask = 2147483647;
			files = (
			);
			inputFileListPaths = (
			);
			inputPaths = (
			);
			outputFileListPaths = (
			);
			outputPaths = (
			);
			runOnlyForDeploymentPostprocessing = 0;
			shellPath = /bin/sh;
			shellScript = "# Type a script or drag a script file from your workspace to insert its path.\nif which swiftlint >/dev/null; then\n  swiftlint autocorrect && swiftlint\nelse\n  echo \"warning: SwiftLint not installed, download from https://github.com/realm/SwiftLint\"\nfi\n";
		};
		EA0B454E8A87261CF8E7B728 /* [CP] Check Pods Manifest.lock */ = {
			isa = PBXShellScriptBuildPhase;
			buildActionMask = 2147483647;
			files = (
			);
			inputFileListPaths = (
			);
			inputPaths = (
				"${PODS_PODFILE_DIR_PATH}/Podfile.lock",
				"${PODS_ROOT}/Manifest.lock",
			);
			name = "[CP] Check Pods Manifest.lock";
			outputFileListPaths = (
			);
			outputPaths = (
				"$(DERIVED_FILE_DIR)/Pods-YouBeMyGuardian-checkManifestLockResult.txt",
			);
			runOnlyForDeploymentPostprocessing = 0;
			shellPath = /bin/sh;
			shellScript = "diff \"${PODS_PODFILE_DIR_PATH}/Podfile.lock\" \"${PODS_ROOT}/Manifest.lock\" > /dev/null\nif [ $? != 0 ] ; then\n    # print error to STDERR\n    echo \"error: The sandbox is not in sync with the Podfile.lock. Run 'pod install' or update your CocoaPods installation.\" >&2\n    exit 1\nfi\n# This output is used by Xcode 'outputs' to avoid re-running this script phase.\necho \"SUCCESS\" > \"${SCRIPT_OUTPUT_FILE_0}\"\n";
			showEnvVarsInLog = 0;
		};
/* End PBXShellScriptBuildPhase section */

/* Begin PBXSourcesBuildPhase section */
		78851EB425976BFF001C7A74 /* Sources */ = {
			isa = PBXSourcesBuildPhase;
			buildActionMask = 2147483647;
			files = (
				78851ED125976C23001C7A74 /* MainViewController.swift in Sources */,
				78851EBC25976BFF001C7A74 /* AppDelegate.swift in Sources */,
				78851EBE25976BFF001C7A74 /* SceneDelegate.swift in Sources */,
			);
			runOnlyForDeploymentPostprocessing = 0;
		};
/* End PBXSourcesBuildPhase section */

/* Begin PBXVariantGroup section */
		78851EC625976C00001C7A74 /* LaunchScreen.storyboard */ = {
			isa = PBXVariantGroup;
			children = (
				78851EC725976C00001C7A74 /* Base */,
			);
			name = LaunchScreen.storyboard;
			sourceTree = "<group>";
		};
/* End PBXVariantGroup section */

/* Begin XCBuildConfiguration section */
		78851ECA25976C00001C7A74 /* Debug */ = {
			isa = XCBuildConfiguration;
			buildSettings = {
				ALWAYS_SEARCH_USER_PATHS = NO;
				CLANG_ANALYZER_NONNULL = YES;
				CLANG_ANALYZER_NUMBER_OBJECT_CONVERSION = YES_AGGRESSIVE;
				CLANG_CXX_LANGUAGE_STANDARD = "gnu++14";
				CLANG_CXX_LIBRARY = "libc++";
				CLANG_ENABLE_MODULES = YES;
				CLANG_ENABLE_OBJC_ARC = YES;
				CLANG_ENABLE_OBJC_WEAK = YES;
				CLANG_WARN_BLOCK_CAPTURE_AUTORELEASING = YES;
				CLANG_WARN_BOOL_CONVERSION = YES;
				CLANG_WARN_COMMA = YES;
				CLANG_WARN_CONSTANT_CONVERSION = YES;
				CLANG_WARN_DEPRECATED_OBJC_IMPLEMENTATIONS = YES;
				CLANG_WARN_DIRECT_OBJC_ISA_USAGE = YES_ERROR;
				CLANG_WARN_DOCUMENTATION_COMMENTS = YES;
				CLANG_WARN_EMPTY_BODY = YES;
				CLANG_WARN_ENUM_CONVERSION = YES;
				CLANG_WARN_INFINITE_RECURSION = YES;
				CLANG_WARN_INT_CONVERSION = YES;
				CLANG_WARN_NON_LITERAL_NULL_CONVERSION = YES;
				CLANG_WARN_OBJC_IMPLICIT_RETAIN_SELF = YES;
				CLANG_WARN_OBJC_LITERAL_CONVERSION = YES;
				CLANG_WARN_OBJC_ROOT_CLASS = YES_ERROR;
				CLANG_WARN_QUOTED_INCLUDE_IN_FRAMEWORK_HEADER = YES;
				CLANG_WARN_RANGE_LOOP_ANALYSIS = YES;
				CLANG_WARN_STRICT_PROTOTYPES = YES;
				CLANG_WARN_SUSPICIOUS_MOVE = YES;
				CLANG_WARN_UNGUARDED_AVAILABILITY = YES_AGGRESSIVE;
				CLANG_WARN_UNREACHABLE_CODE = YES;
				CLANG_WARN__DUPLICATE_METHOD_MATCH = YES;
				COPY_PHASE_STRIP = NO;
				DEBUG_INFORMATION_FORMAT = dwarf;
				ENABLE_STRICT_OBJC_MSGSEND = YES;
				ENABLE_TESTABILITY = YES;
				GCC_C_LANGUAGE_STANDARD = gnu11;
				GCC_DYNAMIC_NO_PIC = NO;
				GCC_NO_COMMON_BLOCKS = YES;
				GCC_OPTIMIZATION_LEVEL = 0;
				GCC_PREPROCESSOR_DEFINITIONS = (
					"DEBUG=1",
					"$(inherited)",
				);
				GCC_WARN_64_TO_32_BIT_CONVERSION = YES;
				GCC_WARN_ABOUT_RETURN_TYPE = YES_ERROR;
				GCC_WARN_UNDECLARED_SELECTOR = YES;
				GCC_WARN_UNINITIALIZED_AUTOS = YES_AGGRESSIVE;
				GCC_WARN_UNUSED_FUNCTION = YES;
				GCC_WARN_UNUSED_VARIABLE = YES;
				IPHONEOS_DEPLOYMENT_TARGET = 14.3;
				MTL_ENABLE_DEBUG_INFO = INCLUDE_SOURCE;
				MTL_FAST_MATH = YES;
				ONLY_ACTIVE_ARCH = YES;
				SDKROOT = iphoneos;
				SWIFT_ACTIVE_COMPILATION_CONDITIONS = DEBUG;
				SWIFT_OPTIMIZATION_LEVEL = "-Onone";
			};
			name = Debug;
		};
		78851ECB25976C00001C7A74 /* Release */ = {
			isa = XCBuildConfiguration;
			buildSettings = {
				ALWAYS_SEARCH_USER_PATHS = NO;
				CLANG_ANALYZER_NONNULL = YES;
				CLANG_ANALYZER_NUMBER_OBJECT_CONVERSION = YES_AGGRESSIVE;
				CLANG_CXX_LANGUAGE_STANDARD = "gnu++14";
				CLANG_CXX_LIBRARY = "libc++";
				CLANG_ENABLE_MODULES = YES;
				CLANG_ENABLE_OBJC_ARC = YES;
				CLANG_ENABLE_OBJC_WEAK = YES;
				CLANG_WARN_BLOCK_CAPTURE_AUTORELEASING = YES;
				CLANG_WARN_BOOL_CONVERSION = YES;
				CLANG_WARN_COMMA = YES;
				CLANG_WARN_CONSTANT_CONVERSION = YES;
				CLANG_WARN_DEPRECATED_OBJC_IMPLEMENTATIONS = YES;
				CLANG_WARN_DIRECT_OBJC_ISA_USAGE = YES_ERROR;
				CLANG_WARN_DOCUMENTATION_COMMENTS = YES;
				CLANG_WARN_EMPTY_BODY = YES;
				CLANG_WARN_ENUM_CONVERSION = YES;
				CLANG_WARN_INFINITE_RECURSION = YES;
				CLANG_WARN_INT_CONVERSION = YES;
				CLANG_WARN_NON_LITERAL_NULL_CONVERSION = YES;
				CLANG_WARN_OBJC_IMPLICIT_RETAIN_SELF = YES;
				CLANG_WARN_OBJC_LITERAL_CONVERSION = YES;
				CLANG_WARN_OBJC_ROOT_CLASS = YES_ERROR;
				CLANG_WARN_QUOTED_INCLUDE_IN_FRAMEWORK_HEADER = YES;
				CLANG_WARN_RANGE_LOOP_ANALYSIS = YES;
				CLANG_WARN_STRICT_PROTOTYPES = YES;
				CLANG_WARN_SUSPICIOUS_MOVE = YES;
				CLANG_WARN_UNGUARDED_AVAILABILITY = YES_AGGRESSIVE;
				CLANG_WARN_UNREACHABLE_CODE = YES;
				CLANG_WARN__DUPLICATE_METHOD_MATCH = YES;
				COPY_PHASE_STRIP = NO;
				DEBUG_INFORMATION_FORMAT = "dwarf-with-dsym";
				ENABLE_NS_ASSERTIONS = NO;
				ENABLE_STRICT_OBJC_MSGSEND = YES;
				GCC_C_LANGUAGE_STANDARD = gnu11;
				GCC_NO_COMMON_BLOCKS = YES;
				GCC_WARN_64_TO_32_BIT_CONVERSION = YES;
				GCC_WARN_ABOUT_RETURN_TYPE = YES_ERROR;
				GCC_WARN_UNDECLARED_SELECTOR = YES;
				GCC_WARN_UNINITIALIZED_AUTOS = YES_AGGRESSIVE;
				GCC_WARN_UNUSED_FUNCTION = YES;
				GCC_WARN_UNUSED_VARIABLE = YES;
				IPHONEOS_DEPLOYMENT_TARGET = 14.3;
				MTL_ENABLE_DEBUG_INFO = NO;
				MTL_FAST_MATH = YES;
				SDKROOT = iphoneos;
				SWIFT_COMPILATION_MODE = wholemodule;
				SWIFT_OPTIMIZATION_LEVEL = "-O";
				VALIDATE_PRODUCT = YES;
			};
			name = Release;
		};
		78851ECD25976C00001C7A74 /* Debug */ = {
			isa = XCBuildConfiguration;
			baseConfigurationReference = 4C944688E7C0CE9420E89A5E /* Pods-YouBeMyGuardian.debug.xcconfig */;
			buildSettings = {
				ASSETCATALOG_COMPILER_APPICON_NAME = AppIcon;
				ASSETCATALOG_COMPILER_GLOBAL_ACCENT_COLOR_NAME = AccentColor;
				CODE_SIGN_STYLE = Automatic;
				DEVELOPMENT_ASSET_PATHS = "\"YouBeMyGuardian/Preview Content\"";
				DEVELOPMENT_TEAM = 7AV259SP85;
				ENABLE_PREVIEWS = YES;
				INFOPLIST_FILE = YouBeMyGuardian/Info.plist;
				LD_RUNPATH_SEARCH_PATHS = (
					"$(inherited)",
					"@executable_path/Frameworks",
				);
				PRODUCT_BUNDLE_IDENTIFIER = nero.YouBeMyGuardian;
				PRODUCT_NAME = "$(TARGET_NAME)";
				SWIFT_VERSION = 5.0;
				TARGETED_DEVICE_FAMILY = "1,2";
			};
			name = Debug;
		};
		78851ECE25976C00001C7A74 /* Release */ = {
			isa = XCBuildConfiguration;
			baseConfigurationReference = F95C64C211DD64BF59FC34F2 /* Pods-YouBeMyGuardian.release.xcconfig */;
			buildSettings = {
				ASSETCATALOG_COMPILER_APPICON_NAME = AppIcon;
				ASSETCATALOG_COMPILER_GLOBAL_ACCENT_COLOR_NAME = AccentColor;
				CODE_SIGN_STYLE = Automatic;
				DEVELOPMENT_ASSET_PATHS = "\"YouBeMyGuardian/Preview Content\"";
				DEVELOPMENT_TEAM = 7AV259SP85;
				ENABLE_PREVIEWS = YES;
				INFOPLIST_FILE = YouBeMyGuardian/Info.plist;
				LD_RUNPATH_SEARCH_PATHS = (
					"$(inherited)",
					"@executable_path/Frameworks",
				);
				PRODUCT_BUNDLE_IDENTIFIER = nero.YouBeMyGuardian;
				PRODUCT_NAME = "$(TARGET_NAME)";
				SWIFT_VERSION = 5.0;
				TARGETED_DEVICE_FAMILY = "1,2";
			};
			name = Release;
		};
/* End XCBuildConfiguration section */

/* Begin XCConfigurationList section */
		78851EB325976BFF001C7A74 /* Build configuration list for PBXProject "YouBeMyGuardian" */ = {
			isa = XCConfigurationList;
			buildConfigurations = (
				78851ECA25976C00001C7A74 /* Debug */,
				78851ECB25976C00001C7A74 /* Release */,
			);
			defaultConfigurationIsVisible = 0;
			defaultConfigurationName = Release;
		};
		78851ECC25976C00001C7A74 /* Build configuration list for PBXNativeTarget "YouBeMyGuardian" */ = {
			isa = XCConfigurationList;
			buildConfigurations = (
				78851ECD25976C00001C7A74 /* Debug */,
				78851ECE25976C00001C7A74 /* Release */,
			);
			defaultConfigurationIsVisible = 0;
			defaultConfigurationName = Release;
		};
/* End XCConfigurationList section */
	};
	rootObject = 78851EB025976BFF001C7A74 /* Project object */;
}
